
Microsoft Visual Studio Solution File, Format Version 12.00
# Visual Studio Version 17
VisualStudioVersion = 17.14.36811.4 d17.14
MinimumVisualStudioVersion = 10.0.40219.1
Project("{FAE04EC0-301F-11D3-BF4B-00C04F79EFBC}") = "ValidationsPrj", "ValidationsPrj\ValidationsPrj.csproj", "{ABAEC640-1B31-4CDA-9F6C-3B6B256722E4}"
EndProject
Global
	GlobalSection(SolutionConfigurationPlatforms) = preSolution
		Debug|Any CPU = Debug|Any CPU
		Release|Any CPU = Release|Any CPU
	EndGlobalSection
	GlobalSection(ProjectConfigurationPlatforms) = postSolution
		{ABAEC640-1B31-4CDA-9F6C-3B6B256722E4}.Debug|Any CPU.ActiveCfg = Debug|Any CPU
		{ABAEC640-1B31-4CDA-9F6C-3B6B256722E4}.Debug|Any CPU.Build.0 = Debug|Any CPU
		{ABAEC640-1B31-4CDA-9F6C-3B6B256722E4}.Release|Any CPU.ActiveCfg = Release|Any CPU
		{ABAEC640-1B31-4CDA-9F6C-3B6B256722E4}.Release|Any CPU.Build.0 = Release|Any CPU
	EndGlobalSection
	GlobalSection(SolutionProperties) = preSolution
		HideSolutionNode = FALSE
	EndGlobalSection
	GlobalSection(ExtensibilityGlobals) = postSolution
		SolutionGuid = {E95DDFBE-49F9-497B-91A7-9A880B704CD5}
	EndGlobalSection
EndGlobal
