
Microsoft Visual Studio Solution File, Format Version 12.00
# Visual Studio Version 17
VisualStudioVersion = 17.14.36811.4 d17.14
MinimumVisualStudioVersion = 10.0.40219.1
Project("{FAE04EC0-301F-11D3-BF4B-00C04F79EFBC}") = "Products_Assignment", "Products_Assignment\Products_Assignment.csproj", "{682FBC6D-C13B-44C1-A38E-DABEAB934B76}"
EndProject
Global
	GlobalSection(SolutionConfigurationPlatforms) = preSolution
		Debug|Any CPU = Debug|Any CPU
		Release|Any CPU = Release|Any CPU
	EndGlobalSection
	GlobalSection(ProjectConfigurationPlatforms) = postSolution
		{682FBC6D-C13B-44C1-A38E-DABEAB934B76}.Debug|Any CPU.ActiveCfg = Debug|Any CPU
		{682FBC6D-C13B-44C1-A38E-DABEAB934B76}.Debug|Any CPU.Build.0 = Debug|Any CPU
		{682FBC6D-C13B-44C1-A38E-DABEAB934B76}.Release|Any CPU.ActiveCfg = Release|Any CPU
		{682FBC6D-C13B-44C1-A38E-DABEAB934B76}.Release|Any CPU.Build.0 = Release|Any CPU
	EndGlobalSection
	GlobalSection(SolutionProperties) = preSolution
		HideSolutionNode = FALSE
	EndGlobalSection
	GlobalSection(ExtensibilityGlobals) = postSolution
		SolutionGuid = {E696B03F-04D0-440E-8DAF-F3AB422521B0}
	EndGlobalSection
EndGlobal
