
Microsoft Visual Studio Solution File, Format Version 12.00
# Visual Studio Version 17
VisualStudioVersion = 17.14.36811.4
MinimumVisualStudioVersion = 10.0.40219.1
Project("{FAE04EC0-301F-11D3-BF4B-00C04F79EFBC}") = "WebAPI_Orders", "WebAPI_Orders\WebAPI_Orders.csproj", "{73E56475-74FD-44DB-A130-F24A3F79FC1D}"
EndProject
Global
	GlobalSection(SolutionConfigurationPlatforms) = preSolution
		Debug|Any CPU = Debug|Any CPU
		Release|Any CPU = Release|Any CPU
	EndGlobalSection
	GlobalSection(ProjectConfigurationPlatforms) = postSolution
		{73E56475-74FD-44DB-A130-F24A3F79FC1D}.Debug|Any CPU.ActiveCfg = Debug|Any CPU
		{73E56475-74FD-44DB-A130-F24A3F79FC1D}.Debug|Any CPU.Build.0 = Debug|Any CPU
		{73E56475-74FD-44DB-A130-F24A3F79FC1D}.Release|Any CPU.ActiveCfg = Release|Any CPU
		{73E56475-74FD-44DB-A130-F24A3F79FC1D}.Release|Any CPU.Build.0 = Release|Any CPU
	EndGlobalSection
	GlobalSection(SolutionProperties) = preSolution
		HideSolutionNode = FALSE
	EndGlobalSection
	GlobalSection(ExtensibilityGlobals) = postSolution
		SolutionGuid = {3A82DE78-369A-4479-8271-4E167302711D}
	EndGlobalSection
EndGlobal
