
Microsoft Visual Studio Solution File, Format Version 12.00
# Visual Studio Version 17
VisualStudioVersion = 17.14.36811.4 d17.14
MinimumVisualStudioVersion = 10.0.40219.1
Project("{FAE04EC0-301F-11D3-BF4B-00C04F79EFBC}") = "Struct_n_Enums", "Struct_n_Enums\Struct_n_Enums.csproj", "{75051849-2914-4372-AD7A-F056BFAA3A73}"
EndProject
Global
	GlobalSection(SolutionConfigurationPlatforms) = preSolution
		Debug|Any CPU = Debug|Any CPU
		Release|Any CPU = Release|Any CPU
	EndGlobalSection
	GlobalSection(ProjectConfigurationPlatforms) = postSolution
		{75051849-2914-4372-AD7A-F056BFAA3A73}.Debug|Any CPU.ActiveCfg = Debug|Any CPU
		{75051849-2914-4372-AD7A-F056BFAA3A73}.Debug|Any CPU.Build.0 = Debug|Any CPU
		{75051849-2914-4372-AD7A-F056BFAA3A73}.Release|Any CPU.ActiveCfg = Release|Any CPU
		{75051849-2914-4372-AD7A-F056BFAA3A73}.Release|Any CPU.Build.0 = Release|Any CPU
	EndGlobalSection
	GlobalSection(SolutionProperties) = preSolution
		HideSolutionNode = FALSE
	EndGlobalSection
	GlobalSection(ExtensibilityGlobals) = postSolution
		SolutionGuid = {E6EF62D2-03B8-404A-BCF2-18614BC7FF70}
	EndGlobalSection
EndGlobal
