
Microsoft Visual Studio Solution File, Format Version 12.00
# Visual Studio Version 17
VisualStudioVersion = 17.14.36811.4 d17.14
MinimumVisualStudioVersion = 10.0.40219.1
Project("{FAE04EC0-301F-11D3-BF4B-00C04F79EFBC}") = "Navigation_Prj", "Navigation_Prj\Navigation_Prj.csproj", "{A36C2453-A2C4-45C1-AAB9-F6174ABCF8ED}"
EndProject
Global
	GlobalSection(SolutionConfigurationPlatforms) = preSolution
		Debug|Any CPU = Debug|Any CPU
		Release|Any CPU = Release|Any CPU
	EndGlobalSection
	GlobalSection(ProjectConfigurationPlatforms) = postSolution
		{A36C2453-A2C4-45C1-AAB9-F6174ABCF8ED}.Debug|Any CPU.ActiveCfg = Debug|Any CPU
		{A36C2453-A2C4-45C1-AAB9-F6174ABCF8ED}.Debug|Any CPU.Build.0 = Debug|Any CPU
		{A36C2453-A2C4-45C1-AAB9-F6174ABCF8ED}.Release|Any CPU.ActiveCfg = Release|Any CPU
		{A36C2453-A2C4-45C1-AAB9-F6174ABCF8ED}.Release|Any CPU.Build.0 = Release|Any CPU
	EndGlobalSection
	GlobalSection(SolutionProperties) = preSolution
		HideSolutionNode = FALSE
	EndGlobalSection
	GlobalSection(ExtensibilityGlobals) = postSolution
		SolutionGuid = {9E9A0488-87F1-4D43-9CA0-4214F3DF661A}
	EndGlobalSection
EndGlobal
